
Microsoft Visual Studio Solution File, Format Version 12.00
# Visual Studio Version 17
VisualStudioVersion = 17.0.31903.59
MinimumVisualStudioVersion = 10.0.40219.1
Project("{FAE04EC0-301F-11D3-BF4B-00C04F79EFBC}") = "Lab4WpfApp", "Lab4WpfApp\Lab4WpfApp.csproj", "{34D1BFEF-CA9B-4443-88F9-79063969259D}"
EndProject
Global
	GlobalSection(SolutionConfigurationPlatforms) = preSolution
		Debug|Any CPU = Debug|Any CPU
		Release|Any CPU = Release|Any CPU
	EndGlobalSection
	GlobalSection(ProjectConfigurationPlatforms) = postSolution
		{34D1BFEF-CA9B-4443-88F9-79063969259D}.Debug|Any CPU.ActiveCfg = Debug|Any CPU
		{34D1BFEF-CA9B-4443-88F9-79063969259D}.Debug|Any CPU.Build.0 = Debug|Any CPU
		{34D1BFEF-CA9B-4443-88F9-79063969259D}.Release|Any CPU.ActiveCfg = Release|Any CPU
		{34D1BFEF-CA9B-4443-88F9-79063969259D}.Release|Any CPU.Build.0 = Release|Any CPU
	EndGlobalSection
	GlobalSection(SolutionProperties) = preSolution
		HideSolutionNode = FALSE
	EndGlobalSection
	GlobalSection(ExtensibilityGlobals) = postSolution
		SolutionGuid = {5A0CAB9E-B4D9-41A9-9D04-BBDE2BEAF0F0}
	EndGlobalSection
EndGlobal
